
Microsoft Visual Studio Solution File, Format Version 12.00
Project("{FAE04EC0-301F-11D3-BF4B-00C04F79EFBC}") = "EventSourceGenerator", "EventSourceGenerator\EventSourceGenerator.csproj", "{9A3EB00D-314D-468A-92E2-8D7861DB28D2}"
EndProject
Project("{FAE04EC0-301F-11D3-BF4B-00C04F79EFBC}") = "Hotfix", "Hotfix\Hotfix.csproj", "{6C90200D-472A-466A-9E40-420B47FD7A86}"
EndProject
Global
	GlobalSection(SolutionConfigurationPlatforms) = preSolution
		Debug|Any CPU = Debug|Any CPU
		Release|Any CPU = Release|Any CPU
	EndGlobalSection
	GlobalSection(ProjectConfigurationPlatforms) = postSolution
		{9A3EB00D-314D-468A-92E2-8D7861DB28D2}.Debug|Any CPU.ActiveCfg = Debug|Any CPU
		{9A3EB00D-314D-468A-92E2-8D7861DB28D2}.Debug|Any CPU.Build.0 = Debug|Any CPU
		{9A3EB00D-314D-468A-92E2-8D7861DB28D2}.Release|Any CPU.ActiveCfg = Release|Any CPU
		{9A3EB00D-314D-468A-92E2-8D7861DB28D2}.Release|Any CPU.Build.0 = Release|Any CPU
		{6C90200D-472A-466A-9E40-420B47FD7A86}.Debug|Any CPU.ActiveCfg = Debug|Any CPU
		{6C90200D-472A-466A-9E40-420B47FD7A86}.Debug|Any CPU.Build.0 = Debug|Any CPU
		{6C90200D-472A-466A-9E40-420B47FD7A86}.Release|Any CPU.ActiveCfg = Release|Any CPU
		{6C90200D-472A-466A-9E40-420B47FD7A86}.Release|Any CPU.Build.0 = Release|Any CPU
	EndGlobalSection
EndGlobal
